<?xml version="1.0" encoding="UTF-8" standalone="yes" ?>
<CodeBlocks_project_file>
	<FileVersion major="1" minor="6" />
	<Project>
		<Option title="SRE" />
		<Option pch_mode="2" />
		<Option compiler="gcc" />
		<Build>
			<Target title="Debug">
				<Option output="SRE" prefix_auto="1" extension_auto="1" />
				<Option object_output="obj/Debug/" />
				<Option type="1" />
				<Option compiler="gcc" />
				<Compiler>
					<Add option="-g" />
				</Compiler>
			</Target>
			<Target title="Release">
				<Option output="bin/Release/SRE" prefix_auto="1" extension_auto="1" />
				<Option object_output="obj/Release/" />
				<Option type="0" />
				<Option compiler="gcc" />
				<Compiler>
					<Add option="-O2" />
				</Compiler>
				<Linker>
					<Add option="-s" />
				</Linker>
			</Target>
		</Build>
		<Compiler>
			<Add option="-Wall" />
			<Add option="`pkg-config gtk+-2.0 --cflags`" />
			<Add directory="include" />
		</Compiler>
		<Linker>
			<Add option="-pthread -lgsl -lgslcblas" />
			<Add library="lib/data.o" />
			<Add library="lib/gmm_base.o" />
			<Add library="lib/gmm_class.o" />
			<Add library="lib/gmm_merge.o" />
			<Add library="lib/gmm_train.o" />
			<Add library="lib/workers.o" />
			<Add library="/usr/lib/i386-linux-gnu/libz.a" />
		</Linker>
		<Unit filename="SRE.c">
			<Option compilerVar="CC" />
		</Unit>
		<Unit filename="main.c">
			<Option compilerVar="CC" />
		</Unit>
		<Unit filename="score.c">
			<Option compilerVar="CC" />
		</Unit>
		<Unit filename="vem.c">
			<Option compilerVar="CC" />
		</Unit>
		<Unit filename="vem.h" />
		<Extensions>
			<code_completion />
			<debugger />
		</Extensions>
	</Project>
</CodeBlocks_project_file>
